// !$*UTF8*$!
{
	archiveVersion = 1;
	classes = {
	};
	objectVersion = 56;
	objects = {

/* Begin PBXBuildFile section */
		C53140102AE0B1BD00A81134 /* MainView.swift in Sources */ = {isa = PBXBuildFile; fileRef = C531400F2AE0B1BD00A81134 /* MainView.swift */; };
		C531401C2AE0B32000A81134 /* MapView.swift in Sources */ = {isa = PBXBuildFile; fileRef = C531401B2AE0B32000A81134 /* MapView.swift */; };
		C531401E2AE0B34900A81134 /* SettingsView.swift in Sources */ = {isa = PBXBuildFile; fileRef = C531401D2AE0B34900A81134 /* SettingsView.swift */; };
		C5862C162ADDFB0100A1E66C /* MovieFormView.swift in Sources */ = {isa = PBXBuildFile; fileRef = C5862C152ADDFB0100A1E66C /* MovieFormView.swift */; };
		C5862C182ADE1D3600A1E66C /* MoviesView.swift in Sources */ = {isa = PBXBuildFile; fileRef = C5862C172ADE1D3600A1E66C /* MoviesView.swift */; };
		C5C9106C2AD75E3800471FDA /* ta_assistidoApp.swift in Sources */ = {isa = PBXBuildFile; fileRef = C5C9106B2AD75E3800471FDA /* ta_assistidoApp.swift */; };
		C5C9106E2AD75E3800471FDA /* MovieListingView.swift in Sources */ = {isa = PBXBuildFile; fileRef = C5C9106D2AD75E3800471FDA /* MovieListingView.swift */; };
		C5C910702AD75E3900471FDA /* Assets.xcassets in Resources */ = {isa = PBXBuildFile; fileRef = C5C9106F2AD75E3900471FDA /* Assets.xcassets */; };
		C5C910732AD75E3900471FDA /* Preview Assets.xcassets in Resources */ = {isa = PBXBuildFile; fileRef = C5C910722AD75E3900471FDA /* Preview Assets.xcassets */; };
		C5C9107E2AD7734700471FDA /* MovieListingRow.swift in Sources */ = {isa = PBXBuildFile; fileRef = C5C9107D2AD7734700471FDA /* MovieListingRow.swift */; };
		C5C910802AD7796700471FDA /* MovieDetailView.swift in Sources */ = {isa = PBXBuildFile; fileRef = C5C9107F2AD7796700471FDA /* MovieDetailView.swift */; };
		C5C910822AD78A5400471FDA /* Movie.swift in Sources */ = {isa = PBXBuildFile; fileRef = C5C910812AD78A5400471FDA /* Movie.swift */; };
/* End PBXBuildFile section */

/* Begin PBXFileReference section */
		C531400F2AE0B1BD00A81134 /* MainView.swift */ = {isa = PBXFileReference; lastKnownFileType = sourcecode.swift; path = MainView.swift; sourceTree = "<group>"; };
		C53140142AE0B24200A81134 /* movies.json */ = {isa = PBXFileReference; lastKnownFileType = text.json; path = movies.json; sourceTree = "<group>"; };
		C531401B2AE0B32000A81134 /* MapView.swift */ = {isa = PBXFileReference; lastKnownFileType = sourcecode.swift; path = MapView.swift; sourceTree = "<group>"; };
		C531401D2AE0B34900A81134 /* SettingsView.swift */ = {isa = PBXFileReference; lastKnownFileType = sourcecode.swift; path = SettingsView.swift; sourceTree = "<group>"; };
		C5862C152ADDFB0100A1E66C /* MovieFormView.swift */ = {isa = PBXFileReference; lastKnownFileType = sourcecode.swift; path = MovieFormView.swift; sourceTree = "<group>"; };
		C5862C172ADE1D3600A1E66C /* MoviesView.swift */ = {isa = PBXFileReference; lastKnownFileType = sourcecode.swift; path = MoviesView.swift; sourceTree = "<group>"; };
		C5C910682AD75E3800471FDA /* ta-assistido.app */ = {isa = PBXFileReference; explicitFileType = wrapper.application; includeInIndex = 0; path = "ta-assistido.app"; sourceTree = BUILT_PRODUCTS_DIR; };
		C5C9106B2AD75E3800471FDA /* ta_assistidoApp.swift */ = {isa = PBXFileReference; lastKnownFileType = sourcecode.swift; path = ta_assistidoApp.swift; sourceTree = "<group>"; };
		C5C9106D2AD75E3800471FDA /* MovieListingView.swift */ = {isa = PBXFileReference; lastKnownFileType = sourcecode.swift; path = MovieListingView.swift; sourceTree = "<group>"; };
		C5C9106F2AD75E3900471FDA /* Assets.xcassets */ = {isa = PBXFileReference; lastKnownFileType = folder.assetcatalog; path = Assets.xcassets; sourceTree = "<group>"; };
		C5C910722AD75E3900471FDA /* Preview Assets.xcassets */ = {isa = PBXFileReference; lastKnownFileType = folder.assetcatalog; path = "Preview Assets.xcassets"; sourceTree = "<group>"; };
		C5C9107D2AD7734700471FDA /* MovieListingRow.swift */ = {isa = PBXFileReference; lastKnownFileType = sourcecode.swift; path = MovieListingRow.swift; sourceTree = "<group>"; };
		C5C9107F2AD7796700471FDA /* MovieDetailView.swift */ = {isa = PBXFileReference; lastKnownFileType = sourcecode.swift; path = MovieDetailView.swift; sourceTree = "<group>"; };
		C5C910812AD78A5400471FDA /* Movie.swift */ = {isa = PBXFileReference; lastKnownFileType = sourcecode.swift; path = Movie.swift; sourceTree = "<group>"; };
/* End PBXFileReference section */

/* Begin PBXFrameworksBuildPhase section */
		C5C910652AD75E3800471FDA /* Frameworks */ = {
			isa = PBXFrameworksBuildPhase;
			buildActionMask = 2147483647;
			files = (
			);
			runOnlyForDeploymentPostprocessing = 0;
		};
/* End PBXFrameworksBuildPhase section */

/* Begin PBXGroup section */
		C53140112AE0B20600A81134 /* Main */ = {
			isa = PBXGroup;
			children = (
				C53140122AE0B21A00A81134 /* View */,
				C531400F2AE0B1BD00A81134 /* MainView.swift */,
			);
			path = Main;
			sourceTree = "<group>";
		};
		C53140122AE0B21A00A81134 /* View */ = {
			isa = PBXGroup;
			children = (
				C5C9106D2AD75E3800471FDA /* MovieListingView.swift */,
			);
			path = View;
			sourceTree = "<group>";
		};
		C53140132AE0B24100A81134 /* Movie */ = {
			isa = PBXGroup;
			children = (
				C53140162AE0B26100A81134 /* View */,
			);
			path = Movie;
			sourceTree = "<group>";
		};
		C53140152AE0B25800A81134 /* Model */ = {
			isa = PBXGroup;
			children = (
				C5C910812AD78A5400471FDA /* Movie.swift */,
			);
			path = Model;
			sourceTree = "<group>";
		};
		C53140162AE0B26100A81134 /* View */ = {
			isa = PBXGroup;
			children = (
				C5862C172ADE1D3600A1E66C /* MoviesView.swift */,
				C5C9107F2AD7796700471FDA /* MovieDetailView.swift */,
				C5862C152ADDFB0100A1E66C /* MovieFormView.swift */,
				C5C9107D2AD7734700471FDA /* MovieListingRow.swift */,
				C53140152AE0B25800A81134 /* Model */,
			);
			path = View;
			sourceTree = "<group>";
		};
		C53140172AE0B29100A81134 /* files */ = {
			isa = PBXGroup;
			children = (
				C53140142AE0B24200A81134 /* movies.json */,
			);
			path = files;
			sourceTree = "<group>";
		};
		C53140192AE0B2E000A81134 /* Map */ = {
			isa = PBXGroup;
			children = (
				C531401B2AE0B32000A81134 /* MapView.swift */,
			);
			path = Map;
			sourceTree = "<group>";
		};
		C531401A2AE0B2E800A81134 /* Settings */ = {
			isa = PBXGroup;
			children = (
				C531401D2AE0B34900A81134 /* SettingsView.swift */,
			);
			path = Settings;
			sourceTree = "<group>";
		};
		C5C9105F2AD75E3800471FDA = {
			isa = PBXGroup;
			children = (
				C5C9106A2AD75E3800471FDA /* ta-assistido */,
				C5C910692AD75E3800471FDA /* Products */,
			);
			sourceTree = "<group>";
		};
		C5C910692AD75E3800471FDA /* Products */ = {
			isa = PBXGroup;
			children = (
				C5C910682AD75E3800471FDA /* ta-assistido.app */,
			);
			name = Products;
			sourceTree = "<group>";
		};
		C5C9106A2AD75E3800471FDA /* ta-assistido */ = {
			isa = PBXGroup;
			children = (
				C531401A2AE0B2E800A81134 /* Settings */,
				C53140192AE0B2E000A81134 /* Map */,
				C53140172AE0B29100A81134 /* files */,
				C5C9106B2AD75E3800471FDA /* ta_assistidoApp.swift */,
				C53140112AE0B20600A81134 /* Main */,
				C53140132AE0B24100A81134 /* Movie */,
				C5C9106F2AD75E3900471FDA /* Assets.xcassets */,
				C5C910712AD75E3900471FDA /* Preview Content */,
			);
			path = "ta-assistido";
			sourceTree = "<group>";
		};
		C5C910712AD75E3900471FDA /* Preview Content */ = {
			isa = PBXGroup;
			children = (
				C5C910722AD75E3900471FDA /* Preview Assets.xcassets */,
			);
			path = "Preview Content";
			sourceTree = "<group>";
		};
/* End PBXGroup section */

/* Begin PBXNativeTarget section */
		C5C910672AD75E3800471FDA /* ta-assistido */ = {
			isa = PBXNativeTarget;
			buildConfigurationList = C5C910762AD75E3900471FDA /* Build configuration list for PBXNativeTarget "ta-assistido" */;
			buildPhases = (
				C5C910642AD75E3800471FDA /* Sources */,
				C5C910652AD75E3800471FDA /* Frameworks */,
				C5C910662AD75E3800471FDA /* Resources */,
			);
			buildRules = (
			);
			dependencies = (
			);
			name = "ta-assistido";
			productName = "ta-assistido";
			productReference = C5C910682AD75E3800471FDA /* ta-assistido.app */;
			productType = "com.apple.product-type.application";
		};
/* End PBXNativeTarget section */

/* Begin PBXProject section */
		C5C910602AD75E3800471FDA /* Project object */ = {
			isa = PBXProject;
			attributes = {
				BuildIndependentTargetsInParallel = 1;
				LastSwiftUpdateCheck = 1500;
				LastUpgradeCheck = 1500;
				TargetAttributes = {
					C5C910672AD75E3800471FDA = {
						CreatedOnToolsVersion = 15.0;
					};
				};
			};
			buildConfigurationList = C5C910632AD75E3800471FDA /* Build configuration list for PBXProject "ta-assistido" */;
			compatibilityVersion = "Xcode 14.0";
			developmentRegion = en;
			hasScannedForEncodings = 0;
			knownRegions = (
				en,
				Base,
			);
			mainGroup = C5C9105F2AD75E3800471FDA;
			productRefGroup = C5C910692AD75E3800471FDA /* Products */;
			projectDirPath = "";
			projectRoot = "";
			targets = (
				C5C910672AD75E3800471FDA /* ta-assistido */,
			);
		};
/* End PBXProject section */

/* Begin PBXResourcesBuildPhase section */
		C5C910662AD75E3800471FDA /* Resources */ = {
			isa = PBXResourcesBuildPhase;
			buildActionMask = 2147483647;
			files = (
				C5C910732AD75E3900471FDA /* Preview Assets.xcassets in Resources */,
				C5C910702AD75E3900471FDA /* Assets.xcassets in Resources */,
			);
			runOnlyForDeploymentPostprocessing = 0;
		};
/* End PBXResourcesBuildPhase section */

/* Begin PBXSourcesBuildPhase section */
		C5C910642AD75E3800471FDA /* Sources */ = {
			isa = PBXSourcesBuildPhase;
			buildActionMask = 2147483647;
			files = (
				C5C910802AD7796700471FDA /* MovieDetailView.swift in Sources */,
				C53140102AE0B1BD00A81134 /* MainView.swift in Sources */,
				C5862C162ADDFB0100A1E66C /* MovieFormView.swift in Sources */,
				C5C9106E2AD75E3800471FDA /* MovieListingView.swift in Sources */,
				C5C9106C2AD75E3800471FDA /* ta_assistidoApp.swift in Sources */,
				C531401E2AE0B34900A81134 /* SettingsView.swift in Sources */,
				C5862C182ADE1D3600A1E66C /* MoviesView.swift in Sources */,
				C5C9107E2AD7734700471FDA /* MovieListingRow.swift in Sources */,
				C531401C2AE0B32000A81134 /* MapView.swift in Sources */,
				C5C910822AD78A5400471FDA /* Movie.swift in Sources */,
			);
			runOnlyForDeploymentPostprocessing = 0;
		};
/* End PBXSourcesBuildPhase section */

/* Begin XCBuildConfiguration section */
		C5C910742AD75E3900471FDA /* Debug */ = {
			isa = XCBuildConfiguration;
			buildSettings = {
				ALWAYS_SEARCH_USER_PATHS = NO;
				ASSETCATALOG_COMPILER_GENERATE_SWIFT_ASSET_SYMBOL_EXTENSIONS = YES;
				CLANG_ANALYZER_NONNULL = YES;
				CLANG_ANALYZER_NUMBER_OBJECT_CONVERSION = YES_AGGRESSIVE;
				CLANG_CXX_LANGUAGE_STANDARD = "gnu++20";
				CLANG_ENABLE_MODULES = YES;
				CLANG_ENABLE_OBJC_ARC = YES;
				CLANG_ENABLE_OBJC_WEAK = YES;
				CLANG_WARN_BLOCK_CAPTURE_AUTORELEASING = YES;
				CLANG_WARN_BOOL_CONVERSION = YES;
				CLANG_WARN_COMMA = YES;
				CLANG_WARN_CONSTANT_CONVERSION = YES;
				CLANG_WARN_DEPRECATED_OBJC_IMPLEMENTATIONS = YES;
				CLANG_WARN_DIRECT_OBJC_ISA_USAGE = YES_ERROR;
				CLANG_WARN_DOCUMENTATION_COMMENTS = YES;
				CLANG_WARN_EMPTY_BODY = YES;
				CLANG_WARN_ENUM_CONVERSION = YES;
				CLANG_WARN_INFINITE_RECURSION = YES;
				CLANG_WARN_INT_CONVERSION = YES;
				CLANG_WARN_NON_LITERAL_NULL_CONVERSION = YES;
				CLANG_WARN_OBJC_IMPLICIT_RETAIN_SELF = YES;
				CLANG_WARN_OBJC_LITERAL_CONVERSION = YES;
				CLANG_WARN_OBJC_ROOT_CLASS = YES_ERROR;
				CLANG_WARN_QUOTED_INCLUDE_IN_FRAMEWORK_HEADER = YES;
				CLANG_WARN_RANGE_LOOP_ANALYSIS = YES;
				CLANG_WARN_STRICT_PROTOTYPES = YES;
				CLANG_WARN_SUSPICIOUS_MOVE = YES;
				CLANG_WARN_UNGUARDED_AVAILABILITY = YES_AGGRESSIVE;
				CLANG_WARN_UNREACHABLE_CODE = YES;
				CLANG_WARN__DUPLICATE_METHOD_MATCH = YES;
				COPY_PHASE_STRIP = NO;
				DEBUG_INFORMATION_FORMAT = dwarf;
				ENABLE_STRICT_OBJC_MSGSEND = YES;
				ENABLE_TESTABILITY = YES;
				ENABLE_USER_SCRIPT_SANDBOXING = YES;
				GCC_C_LANGUAGE_STANDARD = gnu17;
				GCC_DYNAMIC_NO_PIC = NO;
				GCC_NO_COMMON_BLOCKS = YES;
				GCC_OPTIMIZATION_LEVEL = 0;
				GCC_PREPROCESSOR_DEFINITIONS = (
					"DEBUG=1",
					"$(inherited)",
				);
				GCC_WARN_64_TO_32_BIT_CONVERSION = YES;
				GCC_WARN_ABOUT_RETURN_TYPE = YES_ERROR;
				GCC_WARN_UNDECLARED_SELECTOR = YES;
				GCC_WARN_UNINITIALIZED_AUTOS = YES_AGGRESSIVE;
				GCC_WARN_UNUSED_FUNCTION = YES;
				GCC_WARN_UNUSED_VARIABLE = YES;
				IPHONEOS_DEPLOYMENT_TARGET = 17.0;
				LOCALIZATION_PREFERS_STRING_CATALOGS = YES;
				MTL_ENABLE_DEBUG_INFO = INCLUDE_SOURCE;
				MTL_FAST_MATH = YES;
				ONLY_ACTIVE_ARCH = YES;
				SDKROOT = iphoneos;
				SWIFT_ACTIVE_COMPILATION_CONDITIONS = "DEBUG $(inherited)";
				SWIFT_OPTIMIZATION_LEVEL = "-Onone";
			};
			name = Debug;
		};
		C5C910752AD75E3900471FDA /* Release */ = {
			isa = XCBuildConfiguration;
			buildSettings = {
				ALWAYS_SEARCH_USER_PATHS = NO;
				ASSETCATALOG_COMPILER_GENERATE_SWIFT_ASSET_SYMBOL_EXTENSIONS = YES;
				CLANG_ANALYZER_NONNULL = YES;
				CLANG_ANALYZER_NUMBER_OBJECT_CONVERSION = YES_AGGRESSIVE;
				CLANG_CXX_LANGUAGE_STANDARD = "gnu++20";
				CLANG_ENABLE_MODULES = YES;
				CLANG_ENABLE_OBJC_ARC = YES;
				CLANG_ENABLE_OBJC_WEAK = YES;
				CLANG_WARN_BLOCK_CAPTURE_AUTORELEASING = YES;
				CLANG_WARN_BOOL_CONVERSION = YES;
				CLANG_WARN_COMMA = YES;
				CLANG_WARN_CONSTANT_CONVERSION = YES;
				CLANG_WARN_DEPRECATED_OBJC_IMPLEMENTATIONS = YES;
				CLANG_WARN_DIRECT_OBJC_ISA_USAGE = YES_ERROR;
				CLANG_WARN_DOCUMENTATION_COMMENTS = YES;
				CLANG_WARN_EMPTY_BODY = YES;
				CLANG_WARN_ENUM_CONVERSION = YES;
				CLANG_WARN_INFINITE_RECURSION = YES;
				CLANG_WARN_INT_CONVERSION = YES;
				CLANG_WARN_NON_LITERAL_NULL_CONVERSION = YES;
				CLANG_WARN_OBJC_IMPLICIT_RETAIN_SELF = YES;
				CLANG_WARN_OBJC_LITERAL_CONVERSION = YES;
				CLANG_WARN_OBJC_ROOT_CLASS = YES_ERROR;
				CLANG_WARN_QUOTED_INCLUDE_IN_FRAMEWORK_HEADER = YES;
				CLANG_WARN_RANGE_LOOP_ANALYSIS = YES;
				CLANG_WARN_STRICT_PROTOTYPES = YES;
				CLANG_WARN_SUSPICIOUS_MOVE = YES;
				CLANG_WARN_UNGUARDED_AVAILABILITY = YES_AGGRESSIVE;
				CLANG_WARN_UNREACHABLE_CODE = YES;
				CLANG_WARN__DUPLICATE_METHOD_MATCH = YES;
				COPY_PHASE_STRIP = NO;
				DEBUG_INFORMATION_FORMAT = "dwarf-with-dsym";
				ENABLE_NS_ASSERTIONS = NO;
				ENABLE_STRICT_OBJC_MSGSEND = YES;
				ENABLE_USER_SCRIPT_SANDBOXING = YES;
				GCC_C_LANGUAGE_STANDARD = gnu17;
				GCC_NO_COMMON_BLOCKS = YES;
				GCC_WARN_64_TO_32_BIT_CONVERSION = YES;
				GCC_WARN_ABOUT_RETURN_TYPE = YES_ERROR;
				GCC_WARN_UNDECLARED_SELECTOR = YES;
				GCC_WARN_UNINITIALIZED_AUTOS = YES_AGGRESSIVE;
				GCC_WARN_UNUSED_FUNCTION = YES;
				GCC_WARN_UNUSED_VARIABLE = YES;
				IPHONEOS_DEPLOYMENT_TARGET = 17.0;
				LOCALIZATION_PREFERS_STRING_CATALOGS = YES;
				MTL_ENABLE_DEBUG_INFO = NO;
				MTL_FAST_MATH = YES;
				SDKROOT = iphoneos;
				SWIFT_COMPILATION_MODE = wholemodule;
				VALIDATE_PRODUCT = YES;
			};
			name = Release;
		};
		C5C910772AD75E3900471FDA /* Debug */ = {
			isa = XCBuildConfiguration;
			buildSettings = {
				ASSETCATALOG_COMPILER_APPICON_NAME = AppIcon;
				ASSETCATALOG_COMPILER_GLOBAL_ACCENT_COLOR_NAME = AccentColor;
				CODE_SIGN_STYLE = Automatic;
				CURRENT_PROJECT_VERSION = 1;
				DEVELOPMENT_ASSET_PATHS = "\"ta-assistido/Preview Content\"";
				DEVELOPMENT_TEAM = DWNX563SG6;
				ENABLE_PREVIEWS = YES;
				GENERATE_INFOPLIST_FILE = YES;
				INFOPLIST_KEY_NSLocationWhenInUseUsageDescription = "Libera ai big son";
				INFOPLIST_KEY_UIApplicationSceneManifest_Generation = YES;
				INFOPLIST_KEY_UIApplicationSupportsIndirectInputEvents = YES;
				INFOPLIST_KEY_UILaunchScreen_Generation = YES;
				INFOPLIST_KEY_UISupportedInterfaceOrientations_iPad = "UIInterfaceOrientationPortrait UIInterfaceOrientationPortraitUpsideDown UIInterfaceOrientationLandscapeLeft UIInterfaceOrientationLandscapeRight";
				INFOPLIST_KEY_UISupportedInterfaceOrientations_iPhone = "UIInterfaceOrientationPortrait UIInterfaceOrientationLandscapeLeft UIInterfaceOrientationLandscapeRight";
				LD_RUNPATH_SEARCH_PATHS = (
					"$(inherited)",
					"@executable_path/Frameworks",
				);
				MARKETING_VERSION = 1.0;
				PRODUCT_BUNDLE_IDENTIFIER = "com.yurastico.ta-assistido";
				PRODUCT_NAME = "$(TARGET_NAME)";
				SWIFT_EMIT_LOC_STRINGS = YES;
				SWIFT_VERSION = 5.0;
				TARGETED_DEVICE_FAMILY = "1,2";
			};
			name = Debug;
		};
		C5C910782AD75E3900471FDA /* Release */ = {
			isa = XCBuildConfiguration;
			buildSettings = {
				ASSETCATALOG_COMPILER_APPICON_NAME = AppIcon;
				ASSETCATALOG_COMPILER_GLOBAL_ACCENT_COLOR_NAME = AccentColor;
				CODE_SIGN_STYLE = Automatic;
				CURRENT_PROJECT_VERSION = 1;
				DEVELOPMENT_ASSET_PATHS = "\"ta-assistido/Preview Content\"";
				DEVELOPMENT_TEAM = DWNX563SG6;
				ENABLE_PREVIEWS = YES;
				GENERATE_INFOPLIST_FILE = YES;
				INFOPLIST_KEY_NSLocationWhenInUseUsageDescription = "Libera ai big son";
				INFOPLIST_KEY_UIApplicationSceneManifest_Generation = YES;
				INFOPLIST_KEY_UIApplicationSupportsIndirectInputEvents = YES;
				INFOPLIST_KEY_UILaunchScreen_Generation = YES;
				INFOPLIST_KEY_UISupportedInterfaceOrientations_iPad = "UIInterfaceOrientationPortrait UIInterfaceOrientationPortraitUpsideDown UIInterfaceOrientationLandscapeLeft UIInterfaceOrientationLandscapeRight";
				INFOPLIST_KEY_UISupportedInterfaceOrientations_iPhone = "UIInterfaceOrientationPortrait UIInterfaceOrientationLandscapeLeft UIInterfaceOrientationLandscapeRight";
				LD_RUNPATH_SEARCH_PATHS = (
					"$(inherited)",
					"@executable_path/Frameworks",
				);
				MARKETING_VERSION = 1.0;
				PRODUCT_BUNDLE_IDENTIFIER = "com.yurastico.ta-assistido";
				PRODUCT_NAME = "$(TARGET_NAME)";
				SWIFT_EMIT_LOC_STRINGS = YES;
				SWIFT_VERSION = 5.0;
				TARGETED_DEVICE_FAMILY = "1,2";
			};
			name = Release;
		};
/* End XCBuildConfiguration section */

/* Begin XCConfigurationList section */
		C5C910632AD75E3800471FDA /* Build configuration list for PBXProject "ta-assistido" */ = {
			isa = XCConfigurationList;
			buildConfigurations = (
				C5C910742AD75E3900471FDA /* Debug */,
				C5C910752AD75E3900471FDA /* Release */,
			);
			defaultConfigurationIsVisible = 0;
			defaultConfigurationName = Release;
		};
		C5C910762AD75E3900471FDA /* Build configuration list for PBXNativeTarget "ta-assistido" */ = {
			isa = XCConfigurationList;
			buildConfigurations = (
				C5C910772AD75E3900471FDA /* Debug */,
				C5C910782AD75E3900471FDA /* Release */,
			);
			defaultConfigurationIsVisible = 0;
			defaultConfigurationName = Release;
		};
/* End XCConfigurationList section */
	};
	rootObject = C5C910602AD75E3800471FDA /* Project object */;
}
